
Microsoft Visual Studio Solution File, Format Version 12.00
# Visual Studio Version 17
VisualStudioVersion = 17.4.33103.184
MinimumVisualStudioVersion = 10.0.40219.1
Project("{9A19103F-16F7-4668-BE54-9A1E7A4F7556}") = "Library.API", "Services\Library\Library.API\Library.API.csproj", "{D2FB92AE-E77D-420F-8764-4D39578C7E1F}"
EndProject
Project("{9A19103F-16F7-4668-BE54-9A1E7A4F7556}") = "Authentication.API", "Services\Authentication\Authentication.API\Authentication.API.csproj", "{667C45D3-F433-46E5-84C9-5918E4DB617C}"
EndProject
Project("{9A19103F-16F7-4668-BE54-9A1E7A4F7556}") = "UserData.API", "Services\UserData\UserData.API\UserData.API.csproj", "{14734636-AB7F-4581-B3A3-2C7C4CD5DD9C}"
EndProject
Project("{9A19103F-16F7-4668-BE54-9A1E7A4F7556}") = "Identity.API", "Services\Identity\Identity.API\Identity.API.csproj", "{18B7B2E5-673B-4A29-8557-95AF32F48242}"
EndProject
Project("{E53339B2-1760-4266-BCC7-CA923CBCF16C}") = "docker-compose", "docker-compose.dcproj", "{B535BAD2-5399-44DE-A797-27F5FD6D6954}"
EndProject
Project("{9A19103F-16F7-4668-BE54-9A1E7A4F7556}") = "Payment.API", "Services\Payment\Payment.API\Payment.API.csproj", "{5A4FFA1E-842A-4C02-A579-40C358D8C1D0}"
EndProject
Project("{9A19103F-16F7-4668-BE54-9A1E7A4F7556}") = "Library.Tests", "Services\Library\Library.Tests\Library.Tests.csproj", "{C07E8D9C-DBF4-41D3-A8E1-1E79E4FE4784}"
EndProject
Project("{9A19103F-16F7-4668-BE54-9A1E7A4F7556}") = "Authentication.Tests", "Services\Authentication\Authentication.Tests\Authentication.Tests.csproj", "{9A35A938-0350-4204-A3E2-E96A69512C87}"
EndProject
Project("{9A19103F-16F7-4668-BE54-9A1E7A4F7556}") = "Identity.Tests", "Services\Identity\Identity.Tests\Identity.Tests.csproj", "{111F3899-AAD5-4EF4-B65C-D36B6D54F298}"
EndProject
Project("{9A19103F-16F7-4668-BE54-9A1E7A4F7556}") = "UserData.Tests", "Services\UserData\UserData.Tests\UserData.Tests.csproj", "{8861E48A-8331-4920-B310-8DC1DCE95ABD}"
EndProject
Project("{9A19103F-16F7-4668-BE54-9A1E7A4F7556}") = "CommonLibrary.Tests", "Services\CommonLibrary\CommonLibrary.Tests\CommonLibrary.Tests.csproj", "{10224098-D83C-4E4E-8A83-1DDFE748C551}"
EndProject
Project("{9A19103F-16F7-4668-BE54-9A1E7A4F7556}") = "CommonLibrary.API", "Services\CommonLibrary\CommonLibrary.API\CommonLibrary.API.csproj", "{52EA9619-7BEC-4F65-B6D1-225540308C13}"
EndProject
Project("{FAE04EC0-301F-11D3-BF4B-00C04F79EFBC}") = "GatewayAPI", "GatewayAPI\GatewayAPI.csproj", "{58E21561-8B8C-4A35-9E0B-CD3BA8C4676F}"
EndProject
Global
	GlobalSection(SolutionConfigurationPlatforms) = preSolution
		Debug|Any CPU = Debug|Any CPU
		Release|Any CPU = Release|Any CPU
	EndGlobalSection
	GlobalSection(ProjectConfigurationPlatforms) = postSolution
		{D2FB92AE-E77D-420F-8764-4D39578C7E1F}.Debug|Any CPU.ActiveCfg = Debug|Any CPU
		{D2FB92AE-E77D-420F-8764-4D39578C7E1F}.Debug|Any CPU.Build.0 = Debug|Any CPU
		{D2FB92AE-E77D-420F-8764-4D39578C7E1F}.Release|Any CPU.ActiveCfg = Release|Any CPU
		{D2FB92AE-E77D-420F-8764-4D39578C7E1F}.Release|Any CPU.Build.0 = Release|Any CPU
		{667C45D3-F433-46E5-84C9-5918E4DB617C}.Debug|Any CPU.ActiveCfg = Debug|Any CPU
		{667C45D3-F433-46E5-84C9-5918E4DB617C}.Debug|Any CPU.Build.0 = Debug|Any CPU
		{667C45D3-F433-46E5-84C9-5918E4DB617C}.Release|Any CPU.ActiveCfg = Release|Any CPU
		{667C45D3-F433-46E5-84C9-5918E4DB617C}.Release|Any CPU.Build.0 = Release|Any CPU
		{14734636-AB7F-4581-B3A3-2C7C4CD5DD9C}.Debug|Any CPU.ActiveCfg = Debug|Any CPU
		{14734636-AB7F-4581-B3A3-2C7C4CD5DD9C}.Debug|Any CPU.Build.0 = Debug|Any CPU
		{14734636-AB7F-4581-B3A3-2C7C4CD5DD9C}.Release|Any CPU.ActiveCfg = Release|Any CPU
		{14734636-AB7F-4581-B3A3-2C7C4CD5DD9C}.Release|Any CPU.Build.0 = Release|Any CPU
		{18B7B2E5-673B-4A29-8557-95AF32F48242}.Debug|Any CPU.ActiveCfg = Debug|Any CPU
		{18B7B2E5-673B-4A29-8557-95AF32F48242}.Debug|Any CPU.Build.0 = Debug|Any CPU
		{18B7B2E5-673B-4A29-8557-95AF32F48242}.Release|Any CPU.ActiveCfg = Release|Any CPU
		{18B7B2E5-673B-4A29-8557-95AF32F48242}.Release|Any CPU.Build.0 = Release|Any CPU
		{B535BAD2-5399-44DE-A797-27F5FD6D6954}.Debug|Any CPU.ActiveCfg = Debug|Any CPU
		{B535BAD2-5399-44DE-A797-27F5FD6D6954}.Debug|Any CPU.Build.0 = Debug|Any CPU
		{B535BAD2-5399-44DE-A797-27F5FD6D6954}.Release|Any CPU.ActiveCfg = Release|Any CPU
		{B535BAD2-5399-44DE-A797-27F5FD6D6954}.Release|Any CPU.Build.0 = Release|Any CPU
		{5A4FFA1E-842A-4C02-A579-40C358D8C1D0}.Debug|Any CPU.ActiveCfg = Debug|Any CPU
		{5A4FFA1E-842A-4C02-A579-40C358D8C1D0}.Debug|Any CPU.Build.0 = Debug|Any CPU
		{5A4FFA1E-842A-4C02-A579-40C358D8C1D0}.Release|Any CPU.ActiveCfg = Release|Any CPU
		{5A4FFA1E-842A-4C02-A579-40C358D8C1D0}.Release|Any CPU.Build.0 = Release|Any CPU
		{C07E8D9C-DBF4-41D3-A8E1-1E79E4FE4784}.Debug|Any CPU.ActiveCfg = Debug|Any CPU
		{C07E8D9C-DBF4-41D3-A8E1-1E79E4FE4784}.Debug|Any CPU.Build.0 = Debug|Any CPU
		{C07E8D9C-DBF4-41D3-A8E1-1E79E4FE4784}.Release|Any CPU.ActiveCfg = Release|Any CPU
		{C07E8D9C-DBF4-41D3-A8E1-1E79E4FE4784}.Release|Any CPU.Build.0 = Release|Any CPU
		{9A35A938-0350-4204-A3E2-E96A69512C87}.Debug|Any CPU.ActiveCfg = Debug|Any CPU
		{9A35A938-0350-4204-A3E2-E96A69512C87}.Debug|Any CPU.Build.0 = Debug|Any CPU
		{9A35A938-0350-4204-A3E2-E96A69512C87}.Release|Any CPU.ActiveCfg = Release|Any CPU
		{9A35A938-0350-4204-A3E2-E96A69512C87}.Release|Any CPU.Build.0 = Release|Any CPU
		{111F3899-AAD5-4EF4-B65C-D36B6D54F298}.Debug|Any CPU.ActiveCfg = Debug|Any CPU
		{111F3899-AAD5-4EF4-B65C-D36B6D54F298}.Debug|Any CPU.Build.0 = Debug|Any CPU
		{111F3899-AAD5-4EF4-B65C-D36B6D54F298}.Release|Any CPU.ActiveCfg = Release|Any CPU
		{111F3899-AAD5-4EF4-B65C-D36B6D54F298}.Release|Any CPU.Build.0 = Release|Any CPU
		{8861E48A-8331-4920-B310-8DC1DCE95ABD}.Debug|Any CPU.ActiveCfg = Debug|Any CPU
		{8861E48A-8331-4920-B310-8DC1DCE95ABD}.Debug|Any CPU.Build.0 = Debug|Any CPU
		{8861E48A-8331-4920-B310-8DC1DCE95ABD}.Release|Any CPU.ActiveCfg = Release|Any CPU
		{8861E48A-8331-4920-B310-8DC1DCE95ABD}.Release|Any CPU.Build.0 = Release|Any CPU
		{10224098-D83C-4E4E-8A83-1DDFE748C551}.Debug|Any CPU.ActiveCfg = Debug|Any CPU
		{10224098-D83C-4E4E-8A83-1DDFE748C551}.Debug|Any CPU.Build.0 = Debug|Any CPU
		{10224098-D83C-4E4E-8A83-1DDFE748C551}.Release|Any CPU.ActiveCfg = Release|Any CPU
		{10224098-D83C-4E4E-8A83-1DDFE748C551}.Release|Any CPU.Build.0 = Release|Any CPU
		{52EA9619-7BEC-4F65-B6D1-225540308C13}.Debug|Any CPU.ActiveCfg = Debug|Any CPU
		{52EA9619-7BEC-4F65-B6D1-225540308C13}.Debug|Any CPU.Build.0 = Debug|Any CPU
		{52EA9619-7BEC-4F65-B6D1-225540308C13}.Release|Any CPU.ActiveCfg = Release|Any CPU
		{52EA9619-7BEC-4F65-B6D1-225540308C13}.Release|Any CPU.Build.0 = Release|Any CPU
		{58E21561-8B8C-4A35-9E0B-CD3BA8C4676F}.Debug|Any CPU.ActiveCfg = Debug|Any CPU
		{58E21561-8B8C-4A35-9E0B-CD3BA8C4676F}.Debug|Any CPU.Build.0 = Debug|Any CPU
		{58E21561-8B8C-4A35-9E0B-CD3BA8C4676F}.Release|Any CPU.ActiveCfg = Release|Any CPU
		{58E21561-8B8C-4A35-9E0B-CD3BA8C4676F}.Release|Any CPU.Build.0 = Release|Any CPU
	EndGlobalSection
	GlobalSection(SolutionProperties) = preSolution
		HideSolutionNode = FALSE
	EndGlobalSection
	GlobalSection(ExtensibilityGlobals) = postSolution
		SolutionGuid = {F401B2F7-E856-48E7-BEAE-9345E0D04C8D}
	EndGlobalSection
EndGlobal
